
Microsoft Visual Studio Solution File, Format Version 12.00
# Visual Studio Version 17
VisualStudioVersion = 17.10.34916.146
MinimumVisualStudioVersion = 10.0.40219.1
Project("{F2A71F9B-5D33-465A-A702-920D77279786}") = "F#Lab05", "F#Lab05\F#Lab05.fsproj", "{ED3A8BF9-11AA-4FD6-AB0F-75B89DD13551}"
EndProject
Global
	GlobalSection(SolutionConfigurationPlatforms) = preSolution
		Debug|Any CPU = Debug|Any CPU
		Release|Any CPU = Release|Any CPU
	EndGlobalSection
	GlobalSection(ProjectConfigurationPlatforms) = postSolution
		{ED3A8BF9-11AA-4FD6-AB0F-75B89DD13551}.Debug|Any CPU.ActiveCfg = Debug|Any CPU
		{ED3A8BF9-11AA-4FD6-AB0F-75B89DD13551}.Debug|Any CPU.Build.0 = Debug|Any CPU
		{ED3A8BF9-11AA-4FD6-AB0F-75B89DD13551}.Release|Any CPU.ActiveCfg = Release|Any CPU
		{ED3A8BF9-11AA-4FD6-AB0F-75B89DD13551}.Release|Any CPU.Build.0 = Release|Any CPU
	EndGlobalSection
	GlobalSection(SolutionProperties) = preSolution
		HideSolutionNode = FALSE
	EndGlobalSection
	GlobalSection(ExtensibilityGlobals) = postSolution
		SolutionGuid = {0EB0AC3E-0696-448A-B848-066557B4A673}
	EndGlobalSection
EndGlobal
