
Microsoft Visual Studio Solution File, Format Version 12.00
# Visual Studio Version 17
VisualStudioVersion = 17.10.34916.146
MinimumVisualStudioVersion = 10.0.40219.1
Project("{F2A71F9B-5D33-465A-A702-920D77279786}") = "F#Lab02", "F#Lab02\F#Lab02.fsproj", "{4547490F-849D-40FC-B72E-D26485619499}"
EndProject
Global
	GlobalSection(SolutionConfigurationPlatforms) = preSolution
		Debug|Any CPU = Debug|Any CPU
		Release|Any CPU = Release|Any CPU
	EndGlobalSection
	GlobalSection(ProjectConfigurationPlatforms) = postSolution
		{4547490F-849D-40FC-B72E-D26485619499}.Debug|Any CPU.ActiveCfg = Debug|Any CPU
		{4547490F-849D-40FC-B72E-D26485619499}.Debug|Any CPU.Build.0 = Debug|Any CPU
		{4547490F-849D-40FC-B72E-D26485619499}.Release|Any CPU.ActiveCfg = Release|Any CPU
		{4547490F-849D-40FC-B72E-D26485619499}.Release|Any CPU.Build.0 = Release|Any CPU
	EndGlobalSection
	GlobalSection(SolutionProperties) = preSolution
		HideSolutionNode = FALSE
	EndGlobalSection
	GlobalSection(ExtensibilityGlobals) = postSolution
		SolutionGuid = {BF445025-CADF-493D-AEC3-29EA4A5A9FA0}
	EndGlobalSection
EndGlobal
