
Microsoft Visual Studio Solution File, Format Version 12.00
# Visual Studio Version 17
VisualStudioVersion = 17.9.34616.47
MinimumVisualStudioVersion = 10.0.40219.1
Project("{FAE04EC0-301F-11D3-BF4B-00C04F79EFBC}") = "Lab03", "Lab03\Lab03.csproj", "{96CB9C0E-2F19-46ED-B48C-2399EB02F076}"
EndProject
Global
	GlobalSection(SolutionConfigurationPlatforms) = preSolution
		Debug|Any CPU = Debug|Any CPU
		Release|Any CPU = Release|Any CPU
	EndGlobalSection
	GlobalSection(ProjectConfigurationPlatforms) = postSolution
		{96CB9C0E-2F19-46ED-B48C-2399EB02F076}.Debug|Any CPU.ActiveCfg = Debug|Any CPU
		{96CB9C0E-2F19-46ED-B48C-2399EB02F076}.Debug|Any CPU.Build.0 = Debug|Any CPU
		{96CB9C0E-2F19-46ED-B48C-2399EB02F076}.Release|Any CPU.ActiveCfg = Release|Any CPU
		{96CB9C0E-2F19-46ED-B48C-2399EB02F076}.Release|Any CPU.Build.0 = Release|Any CPU
	EndGlobalSection
	GlobalSection(SolutionProperties) = preSolution
		HideSolutionNode = FALSE
	EndGlobalSection
	GlobalSection(ExtensibilityGlobals) = postSolution
		SolutionGuid = {ADDBB662-4D43-4645-85EC-CFA5101E0372}
	EndGlobalSection
EndGlobal
