
Microsoft Visual Studio Solution File, Format Version 12.00
# Visual Studio Version 17
VisualStudioVersion = 17.10.34916.146
MinimumVisualStudioVersion = 10.0.40219.1
Project("{F2A71F9B-5D33-465A-A702-920D77279786}") = "F#Lab03", "F#Lab03\F#Lab03.fsproj", "{924516C0-7A31-4014-9EB1-469EABDCE827}"
EndProject
Global
	GlobalSection(SolutionConfigurationPlatforms) = preSolution
		Debug|Any CPU = Debug|Any CPU
		Release|Any CPU = Release|Any CPU
	EndGlobalSection
	GlobalSection(ProjectConfigurationPlatforms) = postSolution
		{924516C0-7A31-4014-9EB1-469EABDCE827}.Debug|Any CPU.ActiveCfg = Debug|Any CPU
		{924516C0-7A31-4014-9EB1-469EABDCE827}.Debug|Any CPU.Build.0 = Debug|Any CPU
		{924516C0-7A31-4014-9EB1-469EABDCE827}.Release|Any CPU.ActiveCfg = Release|Any CPU
		{924516C0-7A31-4014-9EB1-469EABDCE827}.Release|Any CPU.Build.0 = Release|Any CPU
	EndGlobalSection
	GlobalSection(SolutionProperties) = preSolution
		HideSolutionNode = FALSE
	EndGlobalSection
	GlobalSection(ExtensibilityGlobals) = postSolution
		SolutionGuid = {42FF13D8-236D-46F6-873F-ACFC01135599}
	EndGlobalSection
EndGlobal
